// !$*UTF8*$!
{
	archiveVersion = 1;
	classes = {
	};
	objectVersion = 46;
	objects = {

/* Begin PBXBuildFile section */
		B353DF941B1E3D3200776D9C /* Foundation.framework in Frameworks */ = {isa = PBXBuildFile; fileRef = B353DF931B1E3D3200776D9C /* Foundation.framework */; };
		B353DF961B1E3D3200776D9C /* CoreGraphics.framework in Frameworks */ = {isa = PBXBuildFile; fileRef = B353DF951B1E3D3200776D9C /* CoreGraphics.framework */; };
		B353DF981B1E3D3200776D9C /* UIKit.framework in Frameworks */ = {isa = PBXBuildFile; fileRef = B353DF971B1E3D3200776D9C /* UIKit.framework */; };
		B353DF9E1B1E3D3200776D9C /* InfoPlist.strings in Resources */ = {isa = PBXBuildFile; fileRef = B353DF9C1B1E3D3200776D9C /* InfoPlist.strings */; };
		B353DFA01B1E3D3200776D9C /* main.m in Sources */ = {isa = PBXBuildFile; fileRef = B353DF9F1B1E3D3200776D9C /* main.m */; };
		B353DFA41B1E3D3200776D9C /* AppDelegate.m in Sources */ = {isa = PBXBuildFile; fileRef = B353DFA31B1E3D3200776D9C /* AppDelegate.m */; };
		B353DFA71B1E3D3200776D9C /* Main_iPhone.storyboard in Resources */ = {isa = PBXBuildFile; fileRef = B353DFA51B1E3D3200776D9C /* Main_iPhone.storyboard */; };
		B353DFAA1B1E3D3200776D9C /* Main_iPad.storyboard in Resources */ = {isa = PBXBuildFile; fileRef = B353DFA81B1E3D3200776D9C /* Main_iPad.storyboard */; };
		B353DFAD1B1E3D3200776D9C /* ViewController.m in Sources */ = {isa = PBXBuildFile; fileRef = B353DFAC1B1E3D3200776D9C /* ViewController.m */; };
		B353DFAF1B1E3D3200776D9C /* Images.xcassets in Resources */ = {isa = PBXBuildFile; fileRef = B353DFAE1B1E3D3200776D9C /* Images.xcassets */; };
		B353DFB61B1E3D3300776D9C /* XCTest.framework in Frameworks */ = {isa = PBXBuildFile; fileRef = B353DFB51B1E3D3300776D9C /* XCTest.framework */; };
		B353DFB71B1E3D3300776D9C /* Foundation.framework in Frameworks */ = {isa = PBXBuildFile; fileRef = B353DF931B1E3D3200776D9C /* Foundation.framework */; };
		B353DFB81B1E3D3300776D9C /* UIKit.framework in Frameworks */ = {isa = PBXBuildFile; fileRef = B353DF971B1E3D3200776D9C /* UIKit.framework */; };
		B353DFC01B1E3D3300776D9C /* InfoPlist.strings in Resources */ = {isa = PBXBuildFile; fileRef = B353DFBE1B1E3D3300776D9C /* InfoPlist.strings */; };
		B353DFC21B1E3D3300776D9C /* connectAndReadContentMSSharepointTests.m in Sources */ = {isa = PBXBuildFile; fileRef = B353DFC11B1E3D3300776D9C /* connectAndReadContentMSSharepointTests.m */; };
/* End PBXBuildFile section */

/* Begin PBXContainerItemProxy section */
		B353DFB91B1E3D3300776D9C /* PBXContainerItemProxy */ = {
			isa = PBXContainerItemProxy;
			containerPortal = B353DF881B1E3D3200776D9C /* Project object */;
			proxyType = 1;
			remoteGlobalIDString = B353DF8F1B1E3D3200776D9C;
			remoteInfo = connectAndReadContentMSSharepoint;
		};
/* End PBXContainerItemProxy section */

/* Begin PBXFileReference section */
		B353DF901B1E3D3200776D9C /* connectAndReadContentMSSharepoint.app */ = {isa = PBXFileReference; explicitFileType = wrapper.application; includeInIndex = 0; path = connectAndReadContentMSSharepoint.app; sourceTree = BUILT_PRODUCTS_DIR; };
		B353DF931B1E3D3200776D9C /* Foundation.framework */ = {isa = PBXFileReference; lastKnownFileType = wrapper.framework; name = Foundation.framework; path = System/Library/Frameworks/Foundation.framework; sourceTree = SDKROOT; };
		B353DF951B1E3D3200776D9C /* CoreGraphics.framework */ = {isa = PBXFileReference; lastKnownFileType = wrapper.framework; name = CoreGraphics.framework; path = System/Library/Frameworks/CoreGraphics.framework; sourceTree = SDKROOT; };
		B353DF971B1E3D3200776D9C /* UIKit.framework */ = {isa = PBXFileReference; lastKnownFileType = wrapper.framework; name = UIKit.framework; path = System/Library/Frameworks/UIKit.framework; sourceTree = SDKROOT; };
		B353DF9B1B1E3D3200776D9C /* connectAndReadContentMSSharepoint-Info.plist */ = {isa = PBXFileReference; lastKnownFileType = text.plist.xml; path = "connectAndReadContentMSSharepoint-Info.plist"; sourceTree = "<group>"; };
		B353DF9D1B1E3D3200776D9C /* en */ = {isa = PBXFileReference; lastKnownFileType = text.plist.strings; name = en; path = en.lproj/InfoPlist.strings; sourceTree = "<group>"; };
		B353DF9F1B1E3D3200776D9C /* main.m */ = {isa = PBXFileReference; lastKnownFileType = sourcecode.c.objc; path = main.m; sourceTree = "<group>"; };
		B353DFA11B1E3D3200776D9C /* connectAndReadContentMSSharepoint-Prefix.pch */ = {isa = PBXFileReference; lastKnownFileType = sourcecode.c.h; path = "connectAndReadContentMSSharepoint-Prefix.pch"; sourceTree = "<group>"; };
		B353DFA21B1E3D3200776D9C /* AppDelegate.h */ = {isa = PBXFileReference; lastKnownFileType = sourcecode.c.h; path = AppDelegate.h; sourceTree = "<group>"; };
		B353DFA31B1E3D3200776D9C /* AppDelegate.m */ = {isa = PBXFileReference; lastKnownFileType = sourcecode.c.objc; path = AppDelegate.m; sourceTree = "<group>"; };
		B353DFA61B1E3D3200776D9C /* Base */ = {isa = PBXFileReference; lastKnownFileType = file.storyboard; name = Base; path = Base.lproj/Main_iPhone.storyboard; sourceTree = "<group>"; };
		B353DFA91B1E3D3200776D9C /* Base */ = {isa = PBXFileReference; lastKnownFileType = file.storyboard; name = Base; path = Base.lproj/Main_iPad.storyboard; sourceTree = "<group>"; };
		B353DFAB1B1E3D3200776D9C /* ViewController.h */ = {isa = PBXFileReference; lastKnownFileType = sourcecode.c.h; path = ViewController.h; sourceTree = "<group>"; };
		B353DFAC1B1E3D3200776D9C /* ViewController.m */ = {isa = PBXFileReference; lastKnownFileType = sourcecode.c.objc; path = ViewController.m; sourceTree = "<group>"; };
		B353DFAE1B1E3D3200776D9C /* Images.xcassets */ = {isa = PBXFileReference; lastKnownFileType = folder.assetcatalog; path = Images.xcassets; sourceTree = "<group>"; };
		B353DFB41B1E3D3300776D9C /* connectAndReadContentMSSharepointTests.xctest */ = {isa = PBXFileReference; explicitFileType = wrapper.cfbundle; includeInIndex = 0; path = connectAndReadContentMSSharepointTests.xctest; sourceTree = BUILT_PRODUCTS_DIR; };
		B353DFB51B1E3D3300776D9C /* XCTest.framework */ = {isa = PBXFileReference; lastKnownFileType = wrapper.framework; name = XCTest.framework; path = Library/Frameworks/XCTest.framework; sourceTree = DEVELOPER_DIR; };
		B353DFBD1B1E3D3300776D9C /* connectAndReadContentMSSharepointTests-Info.plist */ = {isa = PBXFileReference; lastKnownFileType = text.plist.xml; path = "connectAndReadContentMSSharepointTests-Info.plist"; sourceTree = "<group>"; };
		B353DFBF1B1E3D3300776D9C /* en */ = {isa = PBXFileReference; lastKnownFileType = text.plist.strings; name = en; path = en.lproj/InfoPlist.strings; sourceTree = "<group>"; };
		B353DFC11B1E3D3300776D9C /* connectAndReadContentMSSharepointTests.m */ = {isa = PBXFileReference; lastKnownFileType = sourcecode.c.objc; path = connectAndReadContentMSSharepointTests.m; sourceTree = "<group>"; };
/* End PBXFileReference section */

/* Begin PBXFrameworksBuildPhase section */
		B353DF8D1B1E3D3200776D9C /* Frameworks */ = {
			isa = PBXFrameworksBuildPhase;
			buildActionMask = 2147483647;
			files = (
				B353DF961B1E3D3200776D9C /* CoreGraphics.framework in Frameworks */,
				B353DF981B1E3D3200776D9C /* UIKit.framework in Frameworks */,
				B353DF941B1E3D3200776D9C /* Foundation.framework in Frameworks */,
			);
			runOnlyForDeploymentPostprocessing = 0;
		};
		B353DFB11B1E3D3300776D9C /* Frameworks */ = {
			isa = PBXFrameworksBuildPhase;
			buildActionMask = 2147483647;
			files = (
				B353DFB61B1E3D3300776D9C /* XCTest.framework in Frameworks */,
				B353DFB81B1E3D3300776D9C /* UIKit.framework in Frameworks */,
				B353DFB71B1E3D3300776D9C /* Foundation.framework in Frameworks */,
			);
			runOnlyForDeploymentPostprocessing = 0;
		};
/* End PBXFrameworksBuildPhase section */

/* Begin PBXGroup section */
		B353DF871B1E3D3200776D9C = {
			isa = PBXGroup;
			children = (
				B353DF991B1E3D3200776D9C /* connectAndReadContentMSSharepoint */,
				B353DFBB1B1E3D3300776D9C /* connectAndReadContentMSSharepointTests */,
				B353DF921B1E3D3200776D9C /* Frameworks */,
				B353DF911B1E3D3200776D9C /* Products */,
			);
			sourceTree = "<group>";
		};
		B353DF911B1E3D3200776D9C /* Products */ = {
			isa = PBXGroup;
			children = (
				B353DF901B1E3D3200776D9C /* connectAndReadContentMSSharepoint.app */,
				B353DFB41B1E3D3300776D9C /* connectAndReadContentMSSharepointTests.xctest */,
			);
			name = Products;
			sourceTree = "<group>";
		};
		B353DF921B1E3D3200776D9C /* Frameworks */ = {
			isa = PBXGroup;
			children = (
				B353DF931B1E3D3200776D9C /* Foundation.framework */,
				B353DF951B1E3D3200776D9C /* CoreGraphics.framework */,
				B353DF971B1E3D3200776D9C /* UIKit.framework */,
				B353DFB51B1E3D3300776D9C /* XCTest.framework */,
			);
			name = Frameworks;
			sourceTree = "<group>";
		};
		B353DF991B1E3D3200776D9C /* connectAndReadContentMSSharepoint */ = {
			isa = PBXGroup;
			children = (
				B353DFA21B1E3D3200776D9C /* AppDelegate.h */,
				B353DFA31B1E3D3200776D9C /* AppDelegate.m */,
				B353DFA51B1E3D3200776D9C /* Main_iPhone.storyboard */,
				B353DFA81B1E3D3200776D9C /* Main_iPad.storyboard */,
				B353DFAB1B1E3D3200776D9C /* ViewController.h */,
				B353DFAC1B1E3D3200776D9C /* ViewController.m */,
				B353DFAE1B1E3D3200776D9C /* Images.xcassets */,
				B353DF9A1B1E3D3200776D9C /* Supporting Files */,
			);
			path = connectAndReadContentMSSharepoint;
			sourceTree = "<group>";
		};
		B353DF9A1B1E3D3200776D9C /* Supporting Files */ = {
			isa = PBXGroup;
			children = (
				B353DF9B1B1E3D3200776D9C /* connectAndReadContentMSSharepoint-Info.plist */,
				B353DF9C1B1E3D3200776D9C /* InfoPlist.strings */,
				B353DF9F1B1E3D3200776D9C /* main.m */,
				B353DFA11B1E3D3200776D9C /* connectAndReadContentMSSharepoint-Prefix.pch */,
			);
			name = "Supporting Files";
			sourceTree = "<group>";
		};
		B353DFBB1B1E3D3300776D9C /* connectAndReadContentMSSharepointTests */ = {
			isa = PBXGroup;
			children = (
				B353DFC11B1E3D3300776D9C /* connectAndReadContentMSSharepointTests.m */,
				B353DFBC1B1E3D3300776D9C /* Supporting Files */,
			);
			path = connectAndReadContentMSSharepointTests;
			sourceTree = "<group>";
		};
		B353DFBC1B1E3D3300776D9C /* Supporting Files */ = {
			isa = PBXGroup;
			children = (
				B353DFBD1B1E3D3300776D9C /* connectAndReadContentMSSharepointTests-Info.plist */,
				B353DFBE1B1E3D3300776D9C /* InfoPlist.strings */,
			);
			name = "Supporting Files";
			sourceTree = "<group>";
		};
/* End PBXGroup section */

/* Begin PBXNativeTarget section */
		B353DF8F1B1E3D3200776D9C /* connectAndReadContentMSSharepoint */ = {
			isa = PBXNativeTarget;
			buildConfigurationList = B353DFC51B1E3D3300776D9C /* Build configuration list for PBXNativeTarget "connectAndReadContentMSSharepoint" */;
			buildPhases = (
				B353DF8C1B1E3D3200776D9C /* Sources */,
				B353DF8D1B1E3D3200776D9C /* Frameworks */,
				B353DF8E1B1E3D3200776D9C /* Resources */,
			);
			buildRules = (
			);
			dependencies = (
			);
			name = connectAndReadContentMSSharepoint;
			productName = connectAndReadContentMSSharepoint;
			productReference = B353DF901B1E3D3200776D9C /* connectAndReadContentMSSharepoint.app */;
			productType = "com.apple.product-type.application";
		};
		B353DFB31B1E3D3300776D9C /* connectAndReadContentMSSharepointTests */ = {
			isa = PBXNativeTarget;
			buildConfigurationList = B353DFC81B1E3D3300776D9C /* Build configuration list for PBXNativeTarget "connectAndReadContentMSSharepointTests" */;
			buildPhases = (
				B353DFB01B1E3D3300776D9C /* Sources */,
				B353DFB11B1E3D3300776D9C /* Frameworks */,
				B353DFB21B1E3D3300776D9C /* Resources */,
			);
			buildRules = (
			);
			dependencies = (
				B353DFBA1B1E3D3300776D9C /* PBXTargetDependency */,
			);
			name = connectAndReadContentMSSharepointTests;
			productName = connectAndReadContentMSSharepointTests;
			productReference = B353DFB41B1E3D3300776D9C /* connectAndReadContentMSSharepointTests.xctest */;
			productType = "com.apple.product-type.bundle.unit-test";
		};
/* End PBXNativeTarget section */

/* Begin PBXProject section */
		B353DF881B1E3D3200776D9C /* Project object */ = {
			isa = PBXProject;
			attributes = {
				LastUpgradeCheck = 0500;
				ORGANIZATIONNAME = "Fellipe Souto";
				TargetAttributes = {
					B353DFB31B1E3D3300776D9C = {
						TestTargetID = B353DF8F1B1E3D3200776D9C;
					};
				};
			};
			buildConfigurationList = B353DF8B1B1E3D3200776D9C /* Build configuration list for PBXProject "connectAndReadContentMSSharepoint" */;
			compatibilityVersion = "Xcode 3.2";
			developmentRegion = English;
			hasScannedForEncodings = 0;
			knownRegions = (
				en,
				Base,
			);
			mainGroup = B353DF871B1E3D3200776D9C;
			productRefGroup = B353DF911B1E3D3200776D9C /* Products */;
			projectDirPath = "";
			projectRoot = "";
			targets = (
				B353DF8F1B1E3D3200776D9C /* connectAndReadContentMSSharepoint */,
				B353DFB31B1E3D3300776D9C /* connectAndReadContentMSSharepointTests */,
			);
		};
/* End PBXProject section */

/* Begin PBXResourcesBuildPhase section */
		B353DF8E1B1E3D3200776D9C /* Resources */ = {
			isa = PBXResourcesBuildPhase;
			buildActionMask = 2147483647;
			files = (
				B353DFAA1B1E3D3200776D9C /* Main_iPad.storyboard in Resources */,
				B353DFAF1B1E3D3200776D9C /* Images.xcassets in Resources */,
				B353DFA71B1E3D3200776D9C /* Main_iPhone.storyboard in Resources */,
				B353DF9E1B1E3D3200776D9C /* InfoPlist.strings in Resources */,
			);
			runOnlyForDeploymentPostprocessing = 0;
		};
		B353DFB21B1E3D3300776D9C /* Resources */ = {
			isa = PBXResourcesBuildPhase;
			buildActionMask = 2147483647;
			files = (
				B353DFC01B1E3D3300776D9C /* InfoPlist.strings in Resources */,
			);
			runOnlyForDeploymentPostprocessing = 0;
		};
/* End PBXResourcesBuildPhase section */

/* Begin PBXSourcesBuildPhase section */
		B353DF8C1B1E3D3200776D9C /* Sources */ = {
			isa = PBXSourcesBuildPhase;
			buildActionMask = 2147483647;
			files = (
				B353DFAD1B1E3D3200776D9C /* ViewController.m in Sources */,
				B353DFA41B1E3D3200776D9C /* AppDelegate.m in Sources */,
				B353DFA01B1E3D3200776D9C /* main.m in Sources */,
			);
			runOnlyForDeploymentPostprocessing = 0;
		};
		B353DFB01B1E3D3300776D9C /* Sources */ = {
			isa = PBXSourcesBuildPhase;
			buildActionMask = 2147483647;
			files = (
				B353DFC21B1E3D3300776D9C /* connectAndReadContentMSSharepointTests.m in Sources */,
			);
			runOnlyForDeploymentPostprocessing = 0;
		};
/* End PBXSourcesBuildPhase section */

/* Begin PBXTargetDependency section */
		B353DFBA1B1E3D3300776D9C /* PBXTargetDependency */ = {
			isa = PBXTargetDependency;
			target = B353DF8F1B1E3D3200776D9C /* connectAndReadContentMSSharepoint */;
			targetProxy = B353DFB91B1E3D3300776D9C /* PBXContainerItemProxy */;
		};
/* End PBXTargetDependency section */

/* Begin PBXVariantGroup section */
		B353DF9C1B1E3D3200776D9C /* InfoPlist.strings */ = {
			isa = PBXVariantGroup;
			children = (
				B353DF9D1B1E3D3200776D9C /* en */,
			);
			name = InfoPlist.strings;
			sourceTree = "<group>";
		};
		B353DFA51B1E3D3200776D9C /* Main_iPhone.storyboard */ = {
			isa = PBXVariantGroup;
			children = (
				B353DFA61B1E3D3200776D9C /* Base */,
			);
			name = Main_iPhone.storyboard;
			sourceTree = "<group>";
		};
		B353DFA81B1E3D3200776D9C /* Main_iPad.storyboard */ = {
			isa = PBXVariantGroup;
			children = (
				B353DFA91B1E3D3200776D9C /* Base */,
			);
			name = Main_iPad.storyboard;
			sourceTree = "<group>";
		};
		B353DFBE1B1E3D3300776D9C /* InfoPlist.strings */ = {
			isa = PBXVariantGroup;
			children = (
				B353DFBF1B1E3D3300776D9C /* en */,
			);
			name = InfoPlist.strings;
			sourceTree = "<group>";
		};
/* End PBXVariantGroup section */

/* Begin XCBuildConfiguration section */
		B353DFC31B1E3D3300776D9C /* Debug */ = {
			isa = XCBuildConfiguration;
			buildSettings = {
				ALWAYS_SEARCH_USER_PATHS = NO;
				ARCHS = "$(ARCHS_STANDARD_INCLUDING_64_BIT)";
				CLANG_CXX_LANGUAGE_STANDARD = "gnu++0x";
				CLANG_CXX_LIBRARY = "libc++";
				CLANG_ENABLE_MODULES = YES;
				CLANG_ENABLE_OBJC_ARC = YES;
				CLANG_WARN_BOOL_CONVERSION = YES;
				CLANG_WARN_CONSTANT_CONVERSION = YES;
				CLANG_WARN_DIRECT_OBJC_ISA_USAGE = YES_ERROR;
				CLANG_WARN_EMPTY_BODY = YES;
				CLANG_WARN_ENUM_CONVERSION = YES;
				CLANG_WARN_INT_CONVERSION = YES;
				CLANG_WARN_OBJC_ROOT_CLASS = YES_ERROR;
				CLANG_WARN__DUPLICATE_METHOD_MATCH = YES;
				"CODE_SIGN_IDENTITY[sdk=iphoneos*]" = "iPhone Developer";
				COPY_PHASE_STRIP = NO;
				GCC_C_LANGUAGE_STANDARD = gnu99;
				GCC_DYNAMIC_NO_PIC = NO;
				GCC_OPTIMIZATION_LEVEL = 0;
				GCC_PREPROCESSOR_DEFINITIONS = (
					"DEBUG=1",
					"$(inherited)",
				);
				GCC_SYMBOLS_PRIVATE_EXTERN = NO;
				GCC_WARN_64_TO_32_BIT_CONVERSION = YES;
				GCC_WARN_ABOUT_RETURN_TYPE = YES_ERROR;
				GCC_WARN_UNDECLARED_SELECTOR = YES;
				GCC_WARN_UNINITIALIZED_AUTOS = YES;
				GCC_WARN_UNUSED_FUNCTION = YES;
				GCC_WARN_UNUSED_VARIABLE = YES;
				IPHONEOS_DEPLOYMENT_TARGET = 7.0;
				ONLY_ACTIVE_ARCH = YES;
				SDKROOT = iphoneos;
				TARGETED_DEVICE_FAMILY = "1,2";
			};
			name = Debug;
		};
		B353DFC41B1E3D3300776D9C /* Release */ = {
			isa = XCBuildConfiguration;
			buildSettings = {
				ALWAYS_SEARCH_USER_PATHS = NO;
				ARCHS = "$(ARCHS_STANDARD_INCLUDING_64_BIT)";
				CLANG_CXX_LANGUAGE_STANDARD = "gnu++0x";
				CLANG_CXX_LIBRARY = "libc++";
				CLANG_ENABLE_MODULES = YES;
				CLANG_ENABLE_OBJC_ARC = YES;
				CLANG_WARN_BOOL_CONVERSION = YES;
				CLANG_WARN_CONSTANT_CONVERSION = YES;
				CLANG_WARN_DIRECT_OBJC_ISA_USAGE = YES_ERROR;
				CLANG_WARN_EMPTY_BODY = YES;
				CLANG_WARN_ENUM_CONVERSION = YES;
				CLANG_WARN_INT_CONVERSION = YES;
				CLANG_WARN_OBJC_ROOT_CLASS = YES_ERROR;
				CLANG_WARN__DUPLICATE_METHOD_MATCH = YES;
				"CODE_SIGN_IDENTITY[sdk=iphoneos*]" = "iPhone Developer";
				COPY_PHASE_STRIP = YES;
				ENABLE_NS_ASSERTIONS = NO;
				GCC_C_LANGUAGE_STANDARD = gnu99;
				GCC_WARN_64_TO_32_BIT_CONVERSION = YES;
				GCC_WARN_ABOUT_RETURN_TYPE = YES_ERROR;
				GCC_WARN_UNDECLARED_SELECTOR = YES;
				GCC_WARN_UNINITIALIZED_AUTOS = YES;
				GCC_WARN_UNUSED_FUNCTION = YES;
				GCC_WARN_UNUSED_VARIABLE = YES;
				IPHONEOS_DEPLOYMENT_TARGET = 7.0;
				SDKROOT = iphoneos;
				TARGETED_DEVICE_FAMILY = "1,2";
				VALIDATE_PRODUCT = YES;
			};
			name = Release;
		};
		B353DFC61B1E3D3300776D9C /* Debug */ = {
			isa = XCBuildConfiguration;
			buildSettings = {
				ASSETCATALOG_COMPILER_APPICON_NAME = AppIcon;
				ASSETCATALOG_COMPILER_LAUNCHIMAGE_NAME = LaunchImage;
				GCC_PRECOMPILE_PREFIX_HEADER = YES;
				GCC_PREFIX_HEADER = "connectAndReadContentMSSharepoint/connectAndReadContentMSSharepoint-Prefix.pch";
				INFOPLIST_FILE = "connectAndReadContentMSSharepoint/connectAndReadContentMSSharepoint-Info.plist";
				PRODUCT_NAME = "$(TARGET_NAME)";
				WRAPPER_EXTENSION = app;
			};
			name = Debug;
		};
		B353DFC71B1E3D3300776D9C /* Release */ = {
			isa = XCBuildConfiguration;
			buildSettings = {
				ASSETCATALOG_COMPILER_APPICON_NAME = AppIcon;
				ASSETCATALOG_COMPILER_LAUNCHIMAGE_NAME = LaunchImage;
				GCC_PRECOMPILE_PREFIX_HEADER = YES;
				GCC_PREFIX_HEADER = "connectAndReadContentMSSharepoint/connectAndReadContentMSSharepoint-Prefix.pch";
				INFOPLIST_FILE = "connectAndReadContentMSSharepoint/connectAndReadContentMSSharepoint-Info.plist";
				PRODUCT_NAME = "$(TARGET_NAME)";
				WRAPPER_EXTENSION = app;
			};
			name = Release;
		};
		B353DFC91B1E3D3300776D9C /* Debug */ = {
			isa = XCBuildConfiguration;
			buildSettings = {
				ARCHS = "$(ARCHS_STANDARD_INCLUDING_64_BIT)";
				BUNDLE_LOADER = "$(BUILT_PRODUCTS_DIR)/connectAndReadContentMSSharepoint.app/connectAndReadContentMSSharepoint";
				FRAMEWORK_SEARCH_PATHS = (
					"$(SDKROOT)/Developer/Library/Frameworks",
					"$(inherited)",
					"$(DEVELOPER_FRAMEWORKS_DIR)",
				);
				GCC_PRECOMPILE_PREFIX_HEADER = YES;
				GCC_PREFIX_HEADER = "connectAndReadContentMSSharepoint/connectAndReadContentMSSharepoint-Prefix.pch";
				GCC_PREPROCESSOR_DEFINITIONS = (
					"DEBUG=1",
					"$(inherited)",
				);
				INFOPLIST_FILE = "connectAndReadContentMSSharepointTests/connectAndReadContentMSSharepointTests-Info.plist";
				PRODUCT_NAME = "$(TARGET_NAME)";
				TEST_HOST = "$(BUNDLE_LOADER)";
				WRAPPER_EXTENSION = xctest;
			};
			name = Debug;
		};
		B353DFCA1B1E3D3300776D9C /* Release */ = {
			isa = XCBuildConfiguration;
			buildSettings = {
				ARCHS = "$(ARCHS_STANDARD_INCLUDING_64_BIT)";
				BUNDLE_LOADER = "$(BUILT_PRODUCTS_DIR)/connectAndReadContentMSSharepoint.app/connectAndReadContentMSSharepoint";
				FRAMEWORK_SEARCH_PATHS = (
					"$(SDKROOT)/Developer/Library/Frameworks",
					"$(inherited)",
					"$(DEVELOPER_FRAMEWORKS_DIR)",
				);
				GCC_PRECOMPILE_PREFIX_HEADER = YES;
				GCC_PREFIX_HEADER = "connectAndReadContentMSSharepoint/connectAndReadContentMSSharepoint-Prefix.pch";
				INFOPLIST_FILE = "connectAndReadContentMSSharepointTests/connectAndReadContentMSSharepointTests-Info.plist";
				PRODUCT_NAME = "$(TARGET_NAME)";
				TEST_HOST = "$(BUNDLE_LOADER)";
				WRAPPER_EXTENSION = xctest;
			};
			name = Release;
		};
/* End XCBuildConfiguration section */

/* Begin XCConfigurationList section */
		B353DF8B1B1E3D3200776D9C /* Build configuration list for PBXProject "connectAndReadContentMSSharepoint" */ = {
			isa = XCConfigurationList;
			buildConfigurations = (
				B353DFC31B1E3D3300776D9C /* Debug */,
				B353DFC41B1E3D3300776D9C /* Release */,
			);
			defaultConfigurationIsVisible = 0;
			defaultConfigurationName = Release;
		};
		B353DFC51B1E3D3300776D9C /* Build configuration list for PBXNativeTarget "connectAndReadContentMSSharepoint" */ = {
			isa = XCConfigurationList;
			buildConfigurations = (
				B353DFC61B1E3D3300776D9C /* Debug */,
				B353DFC71B1E3D3300776D9C /* Release */,
			);
			defaultConfigurationIsVisible = 0;
		};
		B353DFC81B1E3D3300776D9C /* Build configuration list for PBXNativeTarget "connectAndReadContentMSSharepointTests" */ = {
			isa = XCConfigurationList;
			buildConfigurations = (
				B353DFC91B1E3D3300776D9C /* Debug */,
				B353DFCA1B1E3D3300776D9C /* Release */,
			);
			defaultConfigurationIsVisible = 0;
		};
/* End XCConfigurationList section */
	};
	rootObject = B353DF881B1E3D3200776D9C /* Project object */;
}
